Microsoft Visual Studio Solution File, Format Version 12.00
# Visual Studio Version 16
VisualStudioVersion = 16.0.30907.101
MinimumVisualStudioVersion = 10.0.40219.1
Project("{8BC9CEB8-8B4A-11D0-8D11-00A0C91BC942}") = "CSMapFX", "CSMap.vcxproj", "{4F4A777F-7B6F-464F-B784-1328012357CA}"
EndProject
Global
	GlobalSection(SolutionConfigurationPlatforms) = preSolution
		Debug|Win32 = Debug|Win32
		Release|Win32 = Release|Win32
	EndGlobalSection
	GlobalSection(ProjectConfigurationPlatforms) = postSolution
		{4F4A777F-7B6F-464F-B784-1328012357CA}.Debug|Win32.ActiveCfg = Debug|Win32
		{4F4A777F-7B6F-464F-B784-1328012357CA}.Debug|Win32.Build.0 = Debug|Win32
		{4F4A777F-7B6F-464F-B784-1328012357CA}.Release|Win32.ActiveCfg = Release|Win32
		{4F4A777F-7B6F-464F-B784-1328012357CA}.Release|Win32.Build.0 = Release|Win32
	EndGlobalSection
	GlobalSection(SolutionProperties) = preSolution
		HideSolutionNode = FALSE
	EndGlobalSection
	GlobalSection(ExtensibilityGlobals) = postSolution
		SolutionGuid = {7A0D3509-A060-4859-9AE7-C83465C38F97}
	EndGlobalSection
EndGlobal
