<?xml version="1.0" encoding="utf-8"?>
<Project ToolsVersion="4.0" xmlns="http://schemas.microsoft.com/developer/msbuild/2003">
  <ItemGroup>
    <ClCompile Include="calc.cpp" />
    <ClCompile Include="commands.cpp" />
    <ClCompile Include="csmap.cpp" />
    <ClCompile Include="datablock.cpp" />
    <ClCompile Include="datafile.cpp" />
    <ClCompile Include="exportdlg.cpp" />
    <ClCompile Include="FXFileDialogEx.cpp" />
    <ClCompile Include="fxhelper.cpp" />
    <ClCompile Include="FXMenuSeparatorEx.cpp" />
    <ClCompile Include="FXSplitterEx.cpp" />
    <ClCompile Include="imageio.cpp" />
    <ClCompile Include="infodlg.cpp" />
    <ClCompile Include="main.cpp" />
    <ClCompile Include="map.cpp" />
    <ClCompile Include="mapcanvas.cpp" />
    <ClCompile Include="messages.cpp" />
    <ClCompile Include="regioninfos.cpp" />
    <ClCompile Include="regionlist.cpp" />
    <ClCompile Include="reportinfo.cpp" />
    <ClCompile Include="searchdlg.cpp" />
    <ClCompile Include="prefsdlg.cpp" />
    <ClCompile Include="statistics.cpp" />
    <ClCompile Include="statsinfos.cpp" />
    <ClCompile Include="symbols.cpp" />
    <ClCompile Include="tradeinfos.cpp" />
    <ClCompile Include="unitlist.cpp" />
    <ClCompile Include="cparse\builtin-features.cpp">
      <Filter>cparse</Filter>
    </ClCompile>
    <ClCompile Include="cparse\containers.cpp">
      <Filter>cparse</Filter>
    </ClCompile>
    <ClCompile Include="cparse\functions.cpp">
      <Filter>cparse</Filter>
    </ClCompile>
    <ClCompile Include="cparse\packToken.cpp">
      <Filter>cparse</Filter>
    </ClCompile>
    <ClCompile Include="cparse\shunting-yard.cpp">
      <Filter>cparse</Filter>
    </ClCompile>
  </ItemGroup>
  <ItemGroup>
    <ClInclude Include="calc.h" />
    <ClInclude Include="commands.h" />
    <ClInclude Include="csmap.h" />
    <ClInclude Include="datablock.h" />
    <ClInclude Include="datafile.h" />
    <ClInclude Include="exportdlg.h" />
    <ClInclude Include="FXFileDialogEx.h" />
    <ClInclude Include="fxhelper.h" />
    <ClInclude Include="FXMenuSeparatorEx.h" />
    <ClInclude Include="FXSplitterEx.h" />
    <ClInclude Include="fxwin.h" />
    <ClInclude Include="infodlg.h" />
    <ClInclude Include="linked_ptr.h" />
    <ClInclude Include="main.h" />
    <ClInclude Include="map.h" />
    <ClInclude Include="mapcanvas.h" />
    <ClInclude Include="messages.h" />
    <ClInclude Include="regioninfos.h" />
    <ClInclude Include="regionlist.h" />
    <ClInclude Include="reportinfo.h" />
    <ClInclude Include="searchdlg.h" />
    <ClInclude Include="prefsdlg.h" />
    <ClInclude Include="statistics.h" />
    <ClInclude Include="statsinfos.h" />
    <ClInclude Include="symbols.h" />
    <ClInclude Include="tradeinfos.h" />
    <ClInclude Include="unitlist.h" />
    <ClInclude Include="version.h" />
    <ClInclude Include="cparse\containers.h">
      <Filter>cparse</Filter>
    </ClInclude>
    <ClInclude Include="cparse\functions.h">
      <Filter>cparse</Filter>
    </ClInclude>
    <ClInclude Include="cparse\packToken.h">
      <Filter>cparse</Filter>
    </ClInclude>
    <ClInclude Include="cparse\shunting-yard.h">
      <Filter>cparse</Filter>
    </ClInclude>
  </ItemGroup>
  <ItemGroup>
    <ResourceCompile Include="version.rc" />
  </ItemGroup>
  <ItemGroup>
    <Image Include="crsheet.ico" />
    <Image Include="csmap.ico" />
    <Image Include="nrsheet.ico" />
  </ItemGroup>
  <ItemGroup>
    <Filter Include="cparse">
      <UniqueIdentifier>{5391c48a-22a0-4217-9ebc-8914f8ad6bc1}</UniqueIdentifier>
    </Filter>
  </ItemGroup>
</Project>